PODS:
  - IPaLog (2.3)
  - IPaReachability (2.4):
    - IPaLog (= 2.3)
  - IPaStoreKit (2.3):
    - IPaReachability (= 2.4)

DEPENDENCIES:
  - IPaStoreKit (from `../`)

SPEC REPOS:
  https://github.com/ipapamagic/IPaPods.git:
    - IPaLog
    - IPaReachability

EXTERNAL SOURCES:
  IPaStoreKit:
    :path: "../"

SPEC CHECKSUMS:
  IPaLog: c9285b90746c5ec7082db4efafe996d680a0c222
  IPaReachability: 632c340df48c25cb6be3fa424e76645f8024bb9f
  IPaStoreKit: 8cd0cdd13e1c94555e884a297ebd8fc3311fb14a

PODFILE CHECKSUM: 4a33eaacd4cd16862eb3fc59f93e64f30fd9aa8a

COCOAPODS: 1.7.0.beta.2
